{
  "version": 4,
  "terraform_version": "1.1.4",
  "serial": 1,
  "lineage": "0c3c3e4f-cbc0-71a9-f236-12123478adff",
  "outputs": {},
  "resources": [
    {
      "mode": "managed",
      "type": "local_file",
      "name": "sample",
      "provider": "provider[\"registry.terraform.io/hashicorp/local\"]",
      "instances": [
        {
          "schema_version": 0,
          "attributes": {
            "content": "Hello Terraform",
            "content_base64": null,
            "directory_permission": "0777",
            "file_permission": "0777",
            "filename": "/home/fauzan/sample.txt",
            "id": "e17f8b10caa7079f5ff44e809de6a31360433587",
            "sensitive_content": null,
            "source": null
          },
          "sensitive_attributes": [],
          "private": "bnVsbA=="
        }
      ]
    }
  ]
}
